// !$*UTF8*$!
{
	archiveVersion = 1;
	classes = {
	};
	objectVersion = 46;
	objects = {

/* Begin PBXBuildFile section */
		76AFCAF01DAFCCB0003DF576 /* main.m in Sources */ = {isa = PBXBuildFile; fileRef = 76AFCAEF1DAFCCB0003DF576 /* main.m */; };
		76AFCAF31DAFCCB0003DF576 /* AppDelegate.m in Sources */ = {isa = PBXBuildFile; fileRef = 76AFCAF21DAFCCB0003DF576 /* AppDelegate.m */; };
		76AFCAFB1DAFCCB0003DF576 /* Assets.xcassets in Resources */ = {isa = PBXBuildFile; fileRef = 76AFCAFA1DAFCCB0003DF576 /* Assets.xcassets */; };
		76AFCAFE1DAFCCB0003DF576 /* LaunchScreen.storyboard in Resources */ = {isa = PBXBuildFile; fileRef = 76AFCAFC1DAFCCB0003DF576 /* LaunchScreen.storyboard */; };
		76AFCB0D1DAFD8D8003DF576 /* JWDViewController.m in Sources */ = {isa = PBXBuildFile; fileRef = 76AFCB0C1DAFD8D8003DF576 /* JWDViewController.m */; };
		76AFCB101DAFD956003DF576 /* JWDSpeechViewController.m in Sources */ = {isa = PBXBuildFile; fileRef = 76AFCB0F1DAFD956003DF576 /* JWDSpeechViewController.m */; };
		76E522891DB1C773005CB40D /* AVFoundation.framework in Frameworks */ = {isa = PBXBuildFile; fileRef = 76E522881DB1C773005CB40D /* AVFoundation.framework */; };
/* End PBXBuildFile section */

/* Begin PBXFileReference section */
		76AFCAEB1DAFCCB0003DF576 /* 1-AVFoundationHelloWorld.app */ = {isa = PBXFileReference; explicitFileType = wrapper.application; includeInIndex = 0; path = "1-AVFoundationHelloWorld.app"; sourceTree = BUILT_PRODUCTS_DIR; };
		76AFCAEF1DAFCCB0003DF576 /* main.m */ = {isa = PBXFileReference; lastKnownFileType = sourcecode.c.objc; path = main.m; sourceTree = "<group>"; };
		76AFCAF11DAFCCB0003DF576 /* AppDelegate.h */ = {isa = PBXFileReference; lastKnownFileType = sourcecode.c.h; path = AppDelegate.h; sourceTree = "<group>"; };
		76AFCAF21DAFCCB0003DF576 /* AppDelegate.m */ = {isa = PBXFileReference; lastKnownFileType = sourcecode.c.objc; path = AppDelegate.m; sourceTree = "<group>"; };
		76AFCAFA1DAFCCB0003DF576 /* Assets.xcassets */ = {isa = PBXFileReference; lastKnownFileType = folder.assetcatalog; path = Assets.xcassets; sourceTree = "<group>"; };
		76AFCAFD1DAFCCB0003DF576 /* Base */ = {isa = PBXFileReference; lastKnownFileType = file.storyboard; name = Base; path = Base.lproj/LaunchScreen.storyboard; sourceTree = "<group>"; };
		76AFCAFF1DAFCCB0003DF576 /* Info.plist */ = {isa = PBXFileReference; lastKnownFileType = text.plist.xml; path = Info.plist; sourceTree = "<group>"; };
		76AFCB0B1DAFD8D8003DF576 /* JWDViewController.h */ = {isa = PBXFileReference; fileEncoding = 4; lastKnownFileType = sourcecode.c.h; path = JWDViewController.h; sourceTree = "<group>"; };
		76AFCB0C1DAFD8D8003DF576 /* JWDViewController.m */ = {isa = PBXFileReference; fileEncoding = 4; lastKnownFileType = sourcecode.c.objc; path = JWDViewController.m; sourceTree = "<group>"; };
		76AFCB0E1DAFD956003DF576 /* JWDSpeechViewController.h */ = {isa = PBXFileReference; fileEncoding = 4; lastKnownFileType = sourcecode.c.h; path = JWDSpeechViewController.h; sourceTree = "<group>"; };
		76AFCB0F1DAFD956003DF576 /* JWDSpeechViewController.m */ = {isa = PBXFileReference; fileEncoding = 4; lastKnownFileType = sourcecode.c.objc; path = JWDSpeechViewController.m; sourceTree = "<group>"; };
		76E522881DB1C773005CB40D /* AVFoundation.framework */ = {isa = PBXFileReference; lastKnownFileType = wrapper.framework; name = AVFoundation.framework; path = System/Library/Frameworks/AVFoundation.framework; sourceTree = SDKROOT; };
/* End PBXFileReference section */

/* Begin PBXFrameworksBuildPhase section */
		76AFCAE81DAFCCB0003DF576 /* Frameworks */ = {
			isa = PBXFrameworksBuildPhase;
			buildActionMask = 2147483647;
			files = (
				76E522891DB1C773005CB40D /* AVFoundation.framework in Frameworks */,
			);
			runOnlyForDeploymentPostprocessing = 0;
		};
/* End PBXFrameworksBuildPhase section */

/* Begin PBXGroup section */
		76AFCAE21DAFCCB0003DF576 = {
			isa = PBXGroup;
			children = (
				76AFCAED1DAFCCB0003DF576 /* 1-AVFoundationHelloWorld */,
				76AFCAEC1DAFCCB0003DF576 /* Products */,
				76E522871DB1C773005CB40D /* Frameworks */,
			);
			sourceTree = "<group>";
		};
		76AFCAEC1DAFCCB0003DF576 /* Products */ = {
			isa = PBXGroup;
			children = (
				76AFCAEB1DAFCCB0003DF576 /* 1-AVFoundationHelloWorld.app */,
			);
			name = Products;
			sourceTree = "<group>";
		};
		76AFCAED1DAFCCB0003DF576 /* 1-AVFoundationHelloWorld */ = {
			isa = PBXGroup;
			children = (
				76AFCAF11DAFCCB0003DF576 /* AppDelegate.h */,
				76AFCAF21DAFCCB0003DF576 /* AppDelegate.m */,
				76AFCB0B1DAFD8D8003DF576 /* JWDViewController.h */,
				76AFCB0C1DAFD8D8003DF576 /* JWDViewController.m */,
				76AFCB0E1DAFD956003DF576 /* JWDSpeechViewController.h */,
				76AFCB0F1DAFD956003DF576 /* JWDSpeechViewController.m */,
				76AFCAFA1DAFCCB0003DF576 /* Assets.xcassets */,
				76AFCAFC1DAFCCB0003DF576 /* LaunchScreen.storyboard */,
				76AFCAFF1DAFCCB0003DF576 /* Info.plist */,
				76AFCAEE1DAFCCB0003DF576 /* Supporting Files */,
			);
			path = "1-AVFoundationHelloWorld";
			sourceTree = "<group>";
		};
		76AFCAEE1DAFCCB0003DF576 /* Supporting Files */ = {
			isa = PBXGroup;
			children = (
				76AFCAEF1DAFCCB0003DF576 /* main.m */,
			);
			name = "Supporting Files";
			sourceTree = "<group>";
		};
		76E522871DB1C773005CB40D /* Frameworks */ = {
			isa = PBXGroup;
			children = (
				76E522881DB1C773005CB40D /* AVFoundation.framework */,
			);
			name = Frameworks;
			sourceTree = "<group>";
		};
/* End PBXGroup section */

/* Begin PBXNativeTarget section */
		76AFCAEA1DAFCCB0003DF576 /* 1-AVFoundationHelloWorld */ = {
			isa = PBXNativeTarget;
			buildConfigurationList = 76AFCB021DAFCCB0003DF576 /* Build configuration list for PBXNativeTarget "1-AVFoundationHelloWorld" */;
			buildPhases = (
				76AFCAE71DAFCCB0003DF576 /* Sources */,
				76AFCAE81DAFCCB0003DF576 /* Frameworks */,
				76AFCAE91DAFCCB0003DF576 /* Resources */,
			);
			buildRules = (
			);
			dependencies = (
			);
			name = "1-AVFoundationHelloWorld";
			productName = "1-AVFoundationHelloWorld";
			productReference = 76AFCAEB1DAFCCB0003DF576 /* 1-AVFoundationHelloWorld.app */;
			productType = "com.apple.product-type.application";
		};
/* End PBXNativeTarget section */

/* Begin PBXProject section */
		76AFCAE31DAFCCB0003DF576 /* Project object */ = {
			isa = PBXProject;
			attributes = {
				LastUpgradeCheck = 0800;
				ORGANIZATIONNAME = YIXIA;
				TargetAttributes = {
					76AFCAEA1DAFCCB0003DF576 = {
						CreatedOnToolsVersion = 8.0;
						DevelopmentTeam = 3ZPP94SLYH;
						ProvisioningStyle = Automatic;
					};
				};
			};
			buildConfigurationList = 76AFCAE61DAFCCB0003DF576 /* Build configuration list for PBXProject "1-AVFoundationHelloWorld" */;
			compatibilityVersion = "Xcode 3.2";
			developmentRegion = English;
			hasScannedForEncodings = 0;
			knownRegions = (
				en,
				Base,
			);
			mainGroup = 76AFCAE21DAFCCB0003DF576;
			productRefGroup = 76AFCAEC1DAFCCB0003DF576 /* Products */;
			projectDirPath = "";
			projectRoot = "";
			targets = (
				76AFCAEA1DAFCCB0003DF576 /* 1-AVFoundationHelloWorld */,
			);
		};
/* End PBXProject section */

/* Begin PBXResourcesBuildPhase section */
		76AFCAE91DAFCCB0003DF576 /* Resources */ = {
			isa = PBXResourcesBuildPhase;
			buildActionMask = 2147483647;
			files = (
				76AFCAFE1DAFCCB0003DF576 /* LaunchScreen.storyboard in Resources */,
				76AFCAFB1DAFCCB0003DF576 /* Assets.xcassets in Resources */,
			);
			runOnlyForDeploymentPostprocessing = 0;
		};
/* End PBXResourcesBuildPhase section */

/* Begin PBXSourcesBuildPhase section */
		76AFCAE71DAFCCB0003DF576 /* Sources */ = {
			isa = PBXSourcesBuildPhase;
			buildActionMask = 2147483647;
			files = (
				76AFCB101DAFD956003DF576 /* JWDSpeechViewController.m in Sources */,
				76AFCAF31DAFCCB0003DF576 /* AppDelegate.m in Sources */,
				76AFCAF01DAFCCB0003DF576 /* main.m in Sources */,
				76AFCB0D1DAFD8D8003DF576 /* JWDViewController.m in Sources */,
			);
			runOnlyForDeploymentPostprocessing = 0;
		};
/* End PBXSourcesBuildPhase section */

/* Begin PBXVariantGroup section */
		76AFCAFC1DAFCCB0003DF576 /* LaunchScreen.storyboard */ = {
			isa = PBXVariantGroup;
			children = (
				76AFCAFD1DAFCCB0003DF576 /* Base */,
			);
			name = LaunchScreen.storyboard;
			sourceTree = "<group>";
		};
/* End PBXVariantGroup section */

/* Begin XCBuildConfiguration section */
		76AFCB001DAFCCB0003DF576 /* Debug */ = {
			isa = XCBuildConfiguration;
			buildSettings = {
				ALWAYS_SEARCH_USER_PATHS = NO;
				CLANG_ANALYZER_NONNULL = YES;
				CLANG_CXX_LANGUAGE_STANDARD = "gnu++0x";
				CLANG_CXX_LIBRARY = "libc++";
				CLANG_ENABLE_MODULES = YES;
				CLANG_ENABLE_OBJC_ARC = YES;
				CLANG_WARN_BOOL_CONVERSION = YES;
				CLANG_WARN_CONSTANT_CONVERSION = YES;
				CLANG_WARN_DIRECT_OBJC_ISA_USAGE = YES_ERROR;
				CLANG_WARN_DOCUMENTATION_COMMENTS = YES;
				CLANG_WARN_EMPTY_BODY = YES;
				CLANG_WARN_ENUM_CONVERSION = YES;
				CLANG_WARN_INFINITE_RECURSION = YES;
				CLANG_WARN_INT_CONVERSION = YES;
				CLANG_WARN_OBJC_ROOT_CLASS = YES_ERROR;
				CLANG_WARN_SUSPICIOUS_MOVES = YES;
				CLANG_WARN_UNREACHABLE_CODE = YES;
				CLANG_WARN__DUPLICATE_METHOD_MATCH = YES;
				"CODE_SIGN_IDENTITY[sdk=iphoneos*]" = "iPhone Developer";
				COPY_PHASE_STRIP = NO;
				DEBUG_INFORMATION_FORMAT = dwarf;
				ENABLE_STRICT_OBJC_MSGSEND = YES;
				ENABLE_TESTABILITY = YES;
				GCC_C_LANGUAGE_STANDARD = gnu99;
				GCC_DYNAMIC_NO_PIC = NO;
				GCC_NO_COMMON_BLOCKS = YES;
				GCC_OPTIMIZATION_LEVEL = 0;
				GCC_PREPROCESSOR_DEFINITIONS = (
					"DEBUG=1",
					"$(inherited)",
				);
				GCC_WARN_64_TO_32_BIT_CONVERSION = YES;
				GCC_WARN_ABOUT_RETURN_TYPE = YES_ERROR;
				GCC_WARN_UNDECLARED_SELECTOR = YES;
				GCC_WARN_UNINITIALIZED_AUTOS = YES_AGGRESSIVE;
				GCC_WARN_UNUSED_FUNCTION = YES;
				GCC_WARN_UNUSED_VARIABLE = YES;
				IPHONEOS_DEPLOYMENT_TARGET = 10.0;
				MTL_ENABLE_DEBUG_INFO = YES;
				ONLY_ACTIVE_ARCH = YES;
				SDKROOT = iphoneos;
			};
			name = Debug;
		};
		76AFCB011DAFCCB0003DF576 /* Release */ = {
			isa = XCBuildConfiguration;
			buildSettings = {
				ALWAYS_SEARCH_USER_PATHS = NO;
				CLANG_ANALYZER_NONNULL = YES;
				CLANG_CXX_LANGUAGE_STANDARD = "gnu++0x";
				CLANG_CXX_LIBRARY = "libc++";
				CLANG_ENABLE_MODULES = YES;
				CLANG_ENABLE_OBJC_ARC = YES;
				CLANG_WARN_BOOL_CONVERSION = YES;
				CLANG_WARN_CONSTANT_CONVERSION = YES;
				CLANG_WARN_DIRECT_OBJC_ISA_USAGE = YES_ERROR;
				CLANG_WARN_DOCUMENTATION_COMMENTS = YES;
				CLANG_WARN_EMPTY_BODY = YES;
				CLANG_WARN_ENUM_CONVERSION = YES;
				CLANG_WARN_INFINITE_RECURSION = YES;
				CLANG_WARN_INT_CONVERSION = YES;
				CLANG_WARN_OBJC_ROOT_CLASS = YES_ERROR;
				CLANG_WARN_SUSPICIOUS_MOVES = YES;
				CLANG_WARN_UNREACHABLE_CODE = YES;
				CLANG_WARN__DUPLICATE_METHOD_MATCH = YES;
				"CODE_SIGN_IDENTITY[sdk=iphoneos*]" = "iPhone Developer";
				COPY_PHASE_STRIP = NO;
				DEBUG_INFORMATION_FORMAT = "dwarf-with-dsym";
				ENABLE_NS_ASSERTIONS = NO;
				ENABLE_STRICT_OBJC_MSGSEND = YES;
				GCC_C_LANGUAGE_STANDARD = gnu99;
				GCC_NO_COMMON_BLOCKS = YES;
				GCC_WARN_64_TO_32_BIT_CONVERSION = YES;
				GCC_WARN_ABOUT_RETURN_TYPE = YES_ERROR;
				GCC_WARN_UNDECLARED_SELECTOR = YES;
				GCC_WARN_UNINITIALIZED_AUTOS = YES_AGGRESSIVE;
				GCC_WARN_UNUSED_FUNCTION = YES;
				GCC_WARN_UNUSED_VARIABLE = YES;
				IPHONEOS_DEPLOYMENT_TARGET = 10.0;
				MTL_ENABLE_DEBUG_INFO = NO;
				SDKROOT = iphoneos;
				VALIDATE_PRODUCT = YES;
			};
			name = Release;
		};
		76AFCB031DAFCCB0003DF576 /* Debug */ = {
			isa = XCBuildConfiguration;
			buildSettings = {
				ASSETCATALOG_COMPILER_APPICON_NAME = AppIcon;
				DEVELOPMENT_TEAM = 3ZPP94SLYH;
				INFOPLIST_FILE = "1-AVFoundationHelloWorld/Info.plist";
				LD_RUNPATH_SEARCH_PATHS = "$(inherited) @executable_path/Frameworks";
				PRODUCT_BUNDLE_IDENTIFIER = "com.yixia.--AVFoundationHelloWorld";
				PRODUCT_NAME = "$(TARGET_NAME)";
			};
			name = Debug;
		};
		76AFCB041DAFCCB0003DF576 /* Release */ = {
			isa = XCBuildConfiguration;
			buildSettings = {
				ASSETCATALOG_COMPILER_APPICON_NAME = AppIcon;
				DEVELOPMENT_TEAM = 3ZPP94SLYH;
				INFOPLIST_FILE = "1-AVFoundationHelloWorld/Info.plist";
				LD_RUNPATH_SEARCH_PATHS = "$(inherited) @executable_path/Frameworks";
				PRODUCT_BUNDLE_IDENTIFIER = "com.yixia.--AVFoundationHelloWorld";
				PRODUCT_NAME = "$(TARGET_NAME)";
			};
			name = Release;
		};
/* End XCBuildConfiguration section */

/* Begin XCConfigurationList section */
		76AFCAE61DAFCCB0003DF576 /* Build configuration list for PBXProject "1-AVFoundationHelloWorld" */ = {
			isa = XCConfigurationList;
			buildConfigurations = (
				76AFCB001DAFCCB0003DF576 /* Debug */,
				76AFCB011DAFCCB0003DF576 /* Release */,
			);
			defaultConfigurationIsVisible = 0;
			defaultConfigurationName = Release;
		};
		76AFCB021DAFCCB0003DF576 /* Build configuration list for PBXNativeTarget "1-AVFoundationHelloWorld" */ = {
			isa = XCConfigurationList;
			buildConfigurations = (
				76AFCB031DAFCCB0003DF576 /* Debug */,
				76AFCB041DAFCCB0003DF576 /* Release */,
			);
			defaultConfigurationIsVisible = 0;
			defaultConfigurationName = Release;
		};
/* End XCConfigurationList section */
	};
	rootObject = 76AFCAE31DAFCCB0003DF576 /* Project object */;
}
